
Microsoft Visual Studio Solution File, Format Version 12.00
# Visual Studio Version 17
VisualStudioVersion = 17.10.34928.147
MinimumVisualStudioVersion = 10.0.40219.1
Project("{FAE04EC0-301F-11D3-BF4B-00C04F79EFBC}") = "BFF", "BFF\BFF.csproj", "{4EF4B1F6-7064-4294-995E-9ED3C49AC45A}"
EndProject
Project("{FAE04EC0-301F-11D3-BF4B-00C04F79EFBC}") = "Inventory Service API", "Inventory Service API\Inventory Service API.csproj", "{D9FF9AB4-B4E2-421D-8ED7-07AB5E906847}"
EndProject
Project("{FAE04EC0-301F-11D3-BF4B-00C04F79EFBC}") = "Payment Service API", "Payment Service API\Payment Service API.csproj", "{78B99B0F-11D4-4C46-81EA-70159024A1BC}"
EndProject
Global
	GlobalSection(SolutionConfigurationPlatforms) = preSolution
		Debug|Any CPU = Debug|Any CPU
		Release|Any CPU = Release|Any CPU
	EndGlobalSection
	GlobalSection(ProjectConfigurationPlatforms) = postSolution
		{4EF4B1F6-7064-4294-995E-9ED3C49AC45A}.Debug|Any CPU.ActiveCfg = Debug|Any CPU
		{4EF4B1F6-7064-4294-995E-9ED3C49AC45A}.Debug|Any CPU.Build.0 = Debug|Any CPU
		{4EF4B1F6-7064-4294-995E-9ED3C49AC45A}.Release|Any CPU.ActiveCfg = Release|Any CPU
		{4EF4B1F6-7064-4294-995E-9ED3C49AC45A}.Release|Any CPU.Build.0 = Release|Any CPU
		{D9FF9AB4-B4E2-421D-8ED7-07AB5E906847}.Debug|Any CPU.ActiveCfg = Debug|Any CPU
		{D9FF9AB4-B4E2-421D-8ED7-07AB5E906847}.Debug|Any CPU.Build.0 = Debug|Any CPU
		{D9FF9AB4-B4E2-421D-8ED7-07AB5E906847}.Release|Any CPU.ActiveCfg = Release|Any CPU
		{D9FF9AB4-B4E2-421D-8ED7-07AB5E906847}.Release|Any CPU.Build.0 = Release|Any CPU
		{78B99B0F-11D4-4C46-81EA-70159024A1BC}.Debug|Any CPU.ActiveCfg = Debug|Any CPU
		{78B99B0F-11D4-4C46-81EA-70159024A1BC}.Debug|Any CPU.Build.0 = Debug|Any CPU
		{78B99B0F-11D4-4C46-81EA-70159024A1BC}.Release|Any CPU.ActiveCfg = Release|Any CPU
		{78B99B0F-11D4-4C46-81EA-70159024A1BC}.Release|Any CPU.Build.0 = Release|Any CPU
	EndGlobalSection
	GlobalSection(SolutionProperties) = preSolution
		HideSolutionNode = FALSE
	EndGlobalSection
	GlobalSection(ExtensibilityGlobals) = postSolution
		SolutionGuid = {8644EEF8-261E-47B2-83CF-DBA46EC8AB2D}
	EndGlobalSection
EndGlobal
